// !$*UTF8*$!
{
	archiveVersion = 1;
	classes = {
	};
	objectVersion = 46;
	objects = {

/* Begin PBXBuildFile section */
		E42A55B71C0E405E00E3164E /* CustomListViewControllerWithHotel.m in Sources */ = {isa = PBXBuildFile; fileRef = E42A55B61C0E405E00E3164E /* CustomListViewControllerWithHotel.m */; };
		E42A55BA1C0E42BE00E3164E /* BookRoomViewController.m in Sources */ = {isa = PBXBuildFile; fileRef = E42A55B91C0E42BE00E3164E /* BookRoomViewController.m */; };
		E42A55BE1C0E444B00E3164E /* BookRoomDetailViewController.m in Sources */ = {isa = PBXBuildFile; fileRef = E42A55BD1C0E444B00E3164E /* BookRoomDetailViewController.m */; };
		E42A55C11C0E56DB00E3164E /* BookSignViewController.m in Sources */ = {isa = PBXBuildFile; fileRef = E42A55C01C0E56DB00E3164E /* BookSignViewController.m */; };
		E45960FF1C0F9C6D003ED614 /* CoreDataStack.m in Sources */ = {isa = PBXBuildFile; fileRef = E45960FE1C0F9C6D003ED614 /* CoreDataStack.m */; };
		E45961151C0FBCDF003ED614 /* ReservationTests.m in Sources */ = {isa = PBXBuildFile; fileRef = E45961141C0FBCDF003ED614 /* ReservationTests.m */; };
		E45961181C0FC001003ED614 /* GuestListViewController.m in Sources */ = {isa = PBXBuildFile; fileRef = E45961171C0FC001003ED614 /* GuestListViewController.m */; };
		E47213271C10E48300D8568A /* Fabric.framework in Frameworks */ = {isa = PBXBuildFile; fileRef = E47213251C10E48300D8568A /* Fabric.framework */; };
		E47213281C10E48300D8568A /* Crashlytics.framework in Frameworks */ = {isa = PBXBuildFile; fileRef = E47213261C10E48300D8568A /* Crashlytics.framework */; };
		E472132E1C11099700D8568A /* HotelTests.m in Sources */ = {isa = PBXBuildFile; fileRef = E472132D1C11099700D8568A /* HotelTests.m */; };
		E47213321C110CE100D8568A /* Localizable.strings in Resources */ = {isa = PBXBuildFile; fileRef = E47213301C110CE100D8568A /* Localizable.strings */; };
		E47213351C11109300D8568A /* RoomTests.m in Sources */ = {isa = PBXBuildFile; fileRef = E47213341C11109300D8568A /* RoomTests.m */; };
		E4E761601C0CF05600DBC38A /* main.m in Sources */ = {isa = PBXBuildFile; fileRef = E4E7615F1C0CF05600DBC38A /* main.m */; };
		E4E761631C0CF05600DBC38A /* AppDelegate.m in Sources */ = {isa = PBXBuildFile; fileRef = E4E761621C0CF05600DBC38A /* AppDelegate.m */; };
		E4E7616C1C0CF05600DBC38A /* HotelApp.xcdatamodeld in Sources */ = {isa = PBXBuildFile; fileRef = E4E7616A1C0CF05600DBC38A /* HotelApp.xcdatamodeld */; };
		E4E7616E1C0CF05600DBC38A /* Assets.xcassets in Resources */ = {isa = PBXBuildFile; fileRef = E4E7616D1C0CF05600DBC38A /* Assets.xcassets */; };
		E4E761711C0CF05600DBC38A /* LaunchScreen.storyboard in Resources */ = {isa = PBXBuildFile; fileRef = E4E7616F1C0CF05600DBC38A /* LaunchScreen.storyboard */; };
		E4E7617C1C0CF7FD00DBC38A /* MainMenuViewController.m in Sources */ = {isa = PBXBuildFile; fileRef = E4E7617B1C0CF7FD00DBC38A /* MainMenuViewController.m */; };
		E4E7618D1C0D0B8B00DBC38A /* Reservation+CoreDataProperties.m in Sources */ = {isa = PBXBuildFile; fileRef = E4E7617E1C0D0B8B00DBC38A /* Reservation+CoreDataProperties.m */; };
		E4E7618E1C0D0B8B00DBC38A /* Reservation.m in Sources */ = {isa = PBXBuildFile; fileRef = E4E761801C0D0B8B00DBC38A /* Reservation.m */; };
		E4E761911C0D0B8B00DBC38A /* Guest+CoreDataProperties.m in Sources */ = {isa = PBXBuildFile; fileRef = E4E761861C0D0B8B00DBC38A /* Guest+CoreDataProperties.m */; };
		E4E761921C0D0B8B00DBC38A /* Guest.m in Sources */ = {isa = PBXBuildFile; fileRef = E4E761881C0D0B8B00DBC38A /* Guest.m */; };
		E4E761931C0D0B8B00DBC38A /* Room+CoreDataProperties.m in Sources */ = {isa = PBXBuildFile; fileRef = E4E7618A1C0D0B8B00DBC38A /* Room+CoreDataProperties.m */; };
		E4E761941C0D0B8B00DBC38A /* Room.m in Sources */ = {isa = PBXBuildFile; fileRef = E4E7618C1C0D0B8B00DBC38A /* Room.m */; };
		E4E761961C0D0DA400DBC38A /* Hotels.plist in Resources */ = {isa = PBXBuildFile; fileRef = E4E761951C0D0DA400DBC38A /* Hotels.plist */; };
		E4E7619B1C0D104F00DBC38A /* Hotel+CoreDataProperties.m in Sources */ = {isa = PBXBuildFile; fileRef = E4E761981C0D104F00DBC38A /* Hotel+CoreDataProperties.m */; };
		E4E7619C1C0D104F00DBC38A /* Hotel.m in Sources */ = {isa = PBXBuildFile; fileRef = E4E7619A1C0D104F00DBC38A /* Hotel.m */; };
		E4E7619F1C0D145C00DBC38A /* HotelListViewController.m in Sources */ = {isa = PBXBuildFile; fileRef = E4E7619E1C0D145C00DBC38A /* HotelListViewController.m */; };
		E4E761A31C0D1B1200DBC38A /* CustomListViewController.m in Sources */ = {isa = PBXBuildFile; fileRef = E4E761A21C0D1B1200DBC38A /* CustomListViewController.m */; };
		E4E761A61C0D202E00DBC38A /* RoomsListViewController.m in Sources */ = {isa = PBXBuildFile; fileRef = E4E761A51C0D202E00DBC38A /* RoomsListViewController.m */; };
/* End PBXBuildFile section */

/* Begin PBXContainerItemProxy section */
		E459610A1C0FB5DC003ED614 /* PBXContainerItemProxy */ = {
			isa = PBXContainerItemProxy;
			containerPortal = E4E761531C0CF05600DBC38A /* Project object */;
			proxyType = 1;
			remoteGlobalIDString = E4E7615A1C0CF05600DBC38A;
			remoteInfo = HotelApp;
		};
/* End PBXContainerItemProxy section */

/* Begin PBXFileReference section */
		E42A55B51C0E405100E3164E /* CustomListViewControllerWithHotel.h */ = {isa = PBXFileReference; lastKnownFileType = sourcecode.c.h; path = CustomListViewControllerWithHotel.h; sourceTree = "<group>"; };
		E42A55B61C0E405E00E3164E /* CustomListViewControllerWithHotel.m */ = {isa = PBXFileReference; fileEncoding = 4; lastKnownFileType = sourcecode.c.objc; path = CustomListViewControllerWithHotel.m; sourceTree = "<group>"; };
		E42A55B91C0E42BE00E3164E /* BookRoomViewController.m */ = {isa = PBXFileReference; fileEncoding = 4; lastKnownFileType = sourcecode.c.objc; path = BookRoomViewController.m; sourceTree = "<group>"; };
		E42A55BB1C0E42C900E3164E /* BookRoomViewController.h */ = {isa = PBXFileReference; lastKnownFileType = sourcecode.c.h; path = BookRoomViewController.h; sourceTree = "<group>"; };
		E42A55BC1C0E444B00E3164E /* BookRoomDetailViewController.h */ = {isa = PBXFileReference; fileEncoding = 4; lastKnownFileType = sourcecode.c.h; path = BookRoomDetailViewController.h; sourceTree = "<group>"; };
		E42A55BD1C0E444B00E3164E /* BookRoomDetailViewController.m */ = {isa = PBXFileReference; fileEncoding = 4; lastKnownFileType = sourcecode.c.objc; path = BookRoomDetailViewController.m; sourceTree = "<group>"; };
		E42A55BF1C0E56DB00E3164E /* BookSignViewController.h */ = {isa = PBXFileReference; fileEncoding = 4; lastKnownFileType = sourcecode.c.h; path = BookSignViewController.h; sourceTree = "<group>"; };
		E42A55C01C0E56DB00E3164E /* BookSignViewController.m */ = {isa = PBXFileReference; fileEncoding = 4; lastKnownFileType = sourcecode.c.objc; path = BookSignViewController.m; sourceTree = "<group>"; };
		E45960FE1C0F9C6D003ED614 /* CoreDataStack.m */ = {isa = PBXFileReference; fileEncoding = 4; lastKnownFileType = sourcecode.c.objc; path = CoreDataStack.m; sourceTree = "<group>"; };
		E45961001C0F9C77003ED614 /* CoreDataStack.h */ = {isa = PBXFileReference; fileEncoding = 4; lastKnownFileType = sourcecode.c.h; path = CoreDataStack.h; sourceTree = "<group>"; };
		E45961051C0FB5DC003ED614 /* HotelAppTests.xctest */ = {isa = PBXFileReference; explicitFileType = wrapper.cfbundle; includeInIndex = 0; path = HotelAppTests.xctest; sourceTree = BUILT_PRODUCTS_DIR; };
		E45961091C0FB5DC003ED614 /* Info.plist */ = {isa = PBXFileReference; lastKnownFileType = text.plist.xml; path = Info.plist; sourceTree = "<group>"; };
		E45961141C0FBCDF003ED614 /* ReservationTests.m */ = {isa = PBXFileReference; fileEncoding = 4; lastKnownFileType = sourcecode.c.objc; path = ReservationTests.m; sourceTree = "<group>"; };
		E45961161C0FBFF5003ED614 /* GuestListViewController.h */ = {isa = PBXFileReference; lastKnownFileType = sourcecode.c.h; path = GuestListViewController.h; sourceTree = "<group>"; };
		E45961171C0FC001003ED614 /* GuestListViewController.m */ = {isa = PBXFileReference; fileEncoding = 4; lastKnownFileType = sourcecode.c.objc; path = GuestListViewController.m; sourceTree = "<group>"; };
		E47213251C10E48300D8568A /* Fabric.framework */ = {isa = PBXFileReference; lastKnownFileType = wrapper.framework; path = Fabric.framework; sourceTree = "<group>"; };
		E47213261C10E48300D8568A /* Crashlytics.framework */ = {isa = PBXFileReference; lastKnownFileType = wrapper.framework; path = Crashlytics.framework; sourceTree = "<group>"; };
		E47213291C10F04000D8568A /* HotelApp BETA.xcdatamodel */ = {isa = PBXFileReference; lastKnownFileType = wrapper.xcdatamodel; path = "HotelApp BETA.xcdatamodel"; sourceTree = "<group>"; };
		E472132D1C11099700D8568A /* HotelTests.m */ = {isa = PBXFileReference; fileEncoding = 4; lastKnownFileType = sourcecode.c.objc; path = HotelTests.m; sourceTree = "<group>"; };
		E472132F1C1109D100D8568A /* ko */ = {isa = PBXFileReference; lastKnownFileType = text.plist.strings; name = ko; path = ko.lproj/LaunchScreen.strings; sourceTree = "<group>"; };
		E47213311C110CE100D8568A /* Base */ = {isa = PBXFileReference; lastKnownFileType = text.plist.strings; name = Base; path = Base.lproj/Localizable.strings; sourceTree = "<group>"; };
		E47213331C110CEB00D8568A /* ko */ = {isa = PBXFileReference; lastKnownFileType = text.plist.strings; name = ko; path = ko.lproj/Localizable.strings; sourceTree = "<group>"; };
		E47213341C11109300D8568A /* RoomTests.m */ = {isa = PBXFileReference; fileEncoding = 4; lastKnownFileType = sourcecode.c.objc; path = RoomTests.m; sourceTree = "<group>"; };
		E4E7615B1C0CF05600DBC38A /* HotelApp.app */ = {isa = PBXFileReference; explicitFileType = wrapper.application; includeInIndex = 0; path = HotelApp.app; sourceTree = BUILT_PRODUCTS_DIR; };
		E4E7615F1C0CF05600DBC38A /* main.m */ = {isa = PBXFileReference; lastKnownFileType = sourcecode.c.objc; path = main.m; sourceTree = "<group>"; };
		E4E761611C0CF05600DBC38A /* AppDelegate.h */ = {isa = PBXFileReference; lastKnownFileType = sourcecode.c.h; path = AppDelegate.h; sourceTree = "<group>"; };
		E4E761621C0CF05600DBC38A /* AppDelegate.m */ = {isa = PBXFileReference; lastKnownFileType = sourcecode.c.objc; path = AppDelegate.m; sourceTree = "<group>"; };
		E4E7616B1C0CF05600DBC38A /* HotelApp.xcdatamodel */ = {isa = PBXFileReference; lastKnownFileType = wrapper.xcdatamodel; path = HotelApp.xcdatamodel; sourceTree = "<group>"; };
		E4E7616D1C0CF05600DBC38A /* Assets.xcassets */ = {isa = PBXFileReference; lastKnownFileType = folder.assetcatalog; path = Assets.xcassets; sourceTree = "<group>"; };
		E4E761701C0CF05600DBC38A /* Base */ = {isa = PBXFileReference; lastKnownFileType = file.storyboard; name = Base; path = Base.lproj/LaunchScreen.storyboard; sourceTree = "<group>"; };
		E4E761721C0CF05600DBC38A /* Info.plist */ = {isa = PBXFileReference; lastKnownFileType = text.plist.xml; path = Info.plist; sourceTree = "<group>"; };
		E4E7617A1C0CF7FD00DBC38A /* MainMenuViewController.h */ = {isa = PBXFileReference; fileEncoding = 4; lastKnownFileType = sourcecode.c.h; path = MainMenuViewController.h; sourceTree = "<group>"; };
		E4E7617B1C0CF7FD00DBC38A /* MainMenuViewController.m */ = {isa = PBXFileReference; fileEncoding = 4; lastKnownFileType = sourcecode.c.objc; path = MainMenuViewController.m; sourceTree = "<group>"; };
		E4E7617D1C0D0B8B00DBC38A /* Reservation+CoreDataProperties.h */ = {isa = PBXFileReference; fileEncoding = 4; lastKnownFileType = sourcecode.c.h; path = "Reservation+CoreDataProperties.h"; sourceTree = "<group>"; };
		E4E7617E1C0D0B8B00DBC38A /* Reservation+CoreDataProperties.m */ = {isa = PBXFileReference; fileEncoding = 4; lastKnownFileType = sourcecode.c.objc; path = "Reservation+CoreDataProperties.m"; sourceTree = "<group>"; };
		E4E7617F1C0D0B8B00DBC38A /* Reservation.h */ = {isa = PBXFileReference; fileEncoding = 4; lastKnownFileType = sourcecode.c.h; path = Reservation.h; sourceTree = "<group>"; };
		E4E761801C0D0B8B00DBC38A /* Reservation.m */ = {isa = PBXFileReference; fileEncoding = 4; lastKnownFileType = sourcecode.c.objc; path = Reservation.m; sourceTree = "<group>"; };
		E4E761851C0D0B8B00DBC38A /* Guest+CoreDataProperties.h */ = {isa = PBXFileReference; fileEncoding = 4; lastKnownFileType = sourcecode.c.h; path = "Guest+CoreDataProperties.h"; sourceTree = "<group>"; };
		E4E761861C0D0B8B00DBC38A /* Guest+CoreDataProperties.m */ = {isa = PBXFileReference; fileEncoding = 4; lastKnownFileType = sourcecode.c.objc; path = "Guest+CoreDataProperties.m"; sourceTree = "<group>"; };
		E4E761871C0D0B8B00DBC38A /* Guest.h */ = {isa = PBXFileReference; fileEncoding = 4; lastKnownFileType = sourcecode.c.h; path = Guest.h; sourceTree = "<group>"; };
		E4E761881C0D0B8B00DBC38A /* Guest.m */ = {isa = PBXFileReference; fileEncoding = 4; lastKnownFileType = sourcecode.c.objc; path = Guest.m; sourceTree = "<group>"; };
		E4E761891C0D0B8B00DBC38A /* Room+CoreDataProperties.h */ = {isa = PBXFileReference; fileEncoding = 4; lastKnownFileType = sourcecode.c.h; path = "Room+CoreDataProperties.h"; sourceTree = "<group>"; };
		E4E7618A1C0D0B8B00DBC38A /* Room+CoreDataProperties.m */ = {isa = PBXFileReference; fileEncoding = 4; lastKnownFileType = sourcecode.c.objc; path = "Room+CoreDataProperties.m"; sourceTree = "<group>"; };
		E4E7618B1C0D0B8B00DBC38A /* Room.h */ = {isa = PBXFileReference; fileEncoding = 4; lastKnownFileType = sourcecode.c.h; path = Room.h; sourceTree = "<group>"; };
		E4E7618C1C0D0B8B00DBC38A /* Room.m */ = {isa = PBXFileReference; fileEncoding = 4; lastKnownFileType = sourcecode.c.objc; path = Room.m; sourceTree = "<group>"; };
		E4E761951C0D0DA400DBC38A /* Hotels.plist */ = {isa = PBXFileReference; fileEncoding = 4; lastKnownFileType = text.plist.xml; path = Hotels.plist; sourceTree = "<group>"; };
		E4E761971C0D104F00DBC38A /* Hotel+CoreDataProperties.h */ = {isa = PBXFileReference; fileEncoding = 4; lastKnownFileType = sourcecode.c.h; path = "Hotel+CoreDataProperties.h"; sourceTree = "<group>"; };
		E4E761981C0D104F00DBC38A /* Hotel+CoreDataProperties.m */ = {isa = PBXFileReference; fileEncoding = 4; lastKnownFileType = sourcecode.c.objc; path = "Hotel+CoreDataProperties.m"; sourceTree = "<group>"; };
		E4E761991C0D104F00DBC38A /* Hotel.h */ = {isa = PBXFileReference; fileEncoding = 4; lastKnownFileType = sourcecode.c.h; path = Hotel.h; sourceTree = "<group>"; };
		E4E7619A1C0D104F00DBC38A /* Hotel.m */ = {isa = PBXFileReference; fileEncoding = 4; lastKnownFileType = sourcecode.c.objc; path = Hotel.m; sourceTree = "<group>"; };
		E4E7619D1C0D145C00DBC38A /* HotelListViewController.h */ = {isa = PBXFileReference; fileEncoding = 4; lastKnownFileType = sourcecode.c.h; path = HotelListViewController.h; sourceTree = "<group>"; };
		E4E7619E1C0D145C00DBC38A /* HotelListViewController.m */ = {isa = PBXFileReference; fileEncoding = 4; lastKnownFileType = sourcecode.c.objc; path = HotelListViewController.m; sourceTree = "<group>"; };
		E4E761A01C0D1A8900DBC38A /* Constants.h */ = {isa = PBXFileReference; lastKnownFileType = sourcecode.c.h; path = Constants.h; sourceTree = "<group>"; };
		E4E761A11C0D1B1200DBC38A /* CustomListViewController.h */ = {isa = PBXFileReference; fileEncoding = 4; lastKnownFileType = sourcecode.c.h; path = CustomListViewController.h; sourceTree = "<group>"; };
		E4E761A21C0D1B1200DBC38A /* CustomListViewController.m */ = {isa = PBXFileReference; fileEncoding = 4; lastKnownFileType = sourcecode.c.objc; path = CustomListViewController.m; sourceTree = "<group>"; };
		E4E761A41C0D202100DBC38A /* RoomsListViewController.h */ = {isa = PBXFileReference; lastKnownFileType = sourcecode.c.h; path = RoomsListViewController.h; sourceTree = "<group>"; };
		E4E761A51C0D202E00DBC38A /* RoomsListViewController.m */ = {isa = PBXFileReference; fileEncoding = 4; lastKnownFileType = sourcecode.c.objc; path = RoomsListViewController.m; sourceTree = "<group>"; };
/* End PBXFileReference section */

/* Begin PBXFrameworksBuildPhase section */
		E45961021C0FB5DC003ED614 /* Frameworks */ = {
			isa = PBXFrameworksBuildPhase;
			buildActionMask = 2147483647;
			files = (
			);
			runOnlyForDeploymentPostprocessing = 0;
		};
		E4E761581C0CF05600DBC38A /* Frameworks */ = {
			isa = PBXFrameworksBuildPhase;
			buildActionMask = 2147483647;
			files = (
				E47213281C10E48300D8568A /* Crashlytics.framework in Frameworks */,
				E47213271C10E48300D8568A /* Fabric.framework in Frameworks */,
			);
			runOnlyForDeploymentPostprocessing = 0;
		};
/* End PBXFrameworksBuildPhase section */

/* Begin PBXGroup section */
		E42A55B21C0E3F2A00E3164E /* Book */ = {
			isa = PBXGroup;
			children = (
				E42A55BF1C0E56DB00E3164E /* BookSignViewController.h */,
				E42A55C01C0E56DB00E3164E /* BookSignViewController.m */,
				E42A55BC1C0E444B00E3164E /* BookRoomDetailViewController.h */,
				E42A55BD1C0E444B00E3164E /* BookRoomDetailViewController.m */,
				E42A55BB1C0E42C900E3164E /* BookRoomViewController.h */,
				E42A55B91C0E42BE00E3164E /* BookRoomViewController.m */,
			);
			name = Book;
			sourceTree = "<group>";
		};
		E42A55B31C0E3F4300E3164E /* Browse */ = {
			isa = PBXGroup;
			children = (
				E4E761A41C0D202100DBC38A /* RoomsListViewController.h */,
				E4E761A51C0D202E00DBC38A /* RoomsListViewController.m */,
			);
			name = Browse;
			sourceTree = "<group>";
		};
		E42A55B41C0E3F4700E3164E /* Lookup */ = {
			isa = PBXGroup;
			children = (
				E45961161C0FBFF5003ED614 /* GuestListViewController.h */,
				E45961171C0FC001003ED614 /* GuestListViewController.m */,
			);
			name = Lookup;
			sourceTree = "<group>";
		};
		E42A55B81C0E406100E3164E /* General */ = {
			isa = PBXGroup;
			children = (
				E4E761A11C0D1B1200DBC38A /* CustomListViewController.h */,
				E4E761A21C0D1B1200DBC38A /* CustomListViewController.m */,
				E42A55B51C0E405100E3164E /* CustomListViewControllerWithHotel.h */,
				E42A55B61C0E405E00E3164E /* CustomListViewControllerWithHotel.m */,
				E4E7619D1C0D145C00DBC38A /* HotelListViewController.h */,
				E4E7619E1C0D145C00DBC38A /* HotelListViewController.m */,
			);
			name = General;
			sourceTree = "<group>";
		};
		E45961061C0FB5DC003ED614 /* HotelAppTests */ = {
			isa = PBXGroup;
			children = (
				E47213341C11109300D8568A /* RoomTests.m */,
				E472132D1C11099700D8568A /* HotelTests.m */,
				E45961141C0FBCDF003ED614 /* ReservationTests.m */,
				E45961091C0FB5DC003ED614 /* Info.plist */,
			);
			path = HotelAppTests;
			sourceTree = "<group>";
		};
		E4E761521C0CF05600DBC38A = {
			isa = PBXGroup;
			children = (
				E47213251C10E48300D8568A /* Fabric.framework */,
				E47213261C10E48300D8568A /* Crashlytics.framework */,
				E4E7615D1C0CF05600DBC38A /* HotelApp */,
				E45961061C0FB5DC003ED614 /* HotelAppTests */,
				E4E7615C1C0CF05600DBC38A /* Products */,
			);
			sourceTree = "<group>";
		};
		E4E7615C1C0CF05600DBC38A /* Products */ = {
			isa = PBXGroup;
			children = (
				E4E7615B1C0CF05600DBC38A /* HotelApp.app */,
				E45961051C0FB5DC003ED614 /* HotelAppTests.xctest */,
			);
			name = Products;
			sourceTree = "<group>";
		};
		E4E7615D1C0CF05600DBC38A /* HotelApp */ = {
			isa = PBXGroup;
			children = (
				E47213301C110CE100D8568A /* Localizable.strings */,
				E4E761791C0CF12C00DBC38A /* Model */,
				E4E761781C0CF12800DBC38A /* Controller */,
				E4E7615E1C0CF05600DBC38A /* Supporting Files */,
			);
			path = HotelApp;
			sourceTree = "<group>";
		};
		E4E7615E1C0CF05600DBC38A /* Supporting Files */ = {
			isa = PBXGroup;
			children = (
				E4E761951C0D0DA400DBC38A /* Hotels.plist */,
				E4E761721C0CF05600DBC38A /* Info.plist */,
				E4E7615F1C0CF05600DBC38A /* main.m */,
				E4E7616D1C0CF05600DBC38A /* Assets.xcassets */,
				E4E7616F1C0CF05600DBC38A /* LaunchScreen.storyboard */,
			);
			name = "Supporting Files";
			sourceTree = "<group>";
		};
		E4E761781C0CF12800DBC38A /* Controller */ = {
			isa = PBXGroup;
			children = (
				E4E761A01C0D1A8900DBC38A /* Constants.h */,
				E42A55B81C0E406100E3164E /* General */,
				E42A55B21C0E3F2A00E3164E /* Book */,
				E42A55B41C0E3F4700E3164E /* Lookup */,
				E42A55B31C0E3F4300E3164E /* Browse */,
				E4E7617A1C0CF7FD00DBC38A /* MainMenuViewController.h */,
				E4E7617B1C0CF7FD00DBC38A /* MainMenuViewController.m */,
				E4E761611C0CF05600DBC38A /* AppDelegate.h */,
				E4E761621C0CF05600DBC38A /* AppDelegate.m */,
			);
			name = Controller;
			sourceTree = "<group>";
		};
		E4E761791C0CF12C00DBC38A /* Model */ = {
			isa = PBXGroup;
			children = (
				E4E761971C0D104F00DBC38A /* Hotel+CoreDataProperties.h */,
				E4E761981C0D104F00DBC38A /* Hotel+CoreDataProperties.m */,
				E4E761991C0D104F00DBC38A /* Hotel.h */,
				E4E7619A1C0D104F00DBC38A /* Hotel.m */,
				E4E7617D1C0D0B8B00DBC38A /* Reservation+CoreDataProperties.h */,
				E4E7617E1C0D0B8B00DBC38A /* Reservation+CoreDataProperties.m */,
				E4E7617F1C0D0B8B00DBC38A /* Reservation.h */,
				E4E761801C0D0B8B00DBC38A /* Reservation.m */,
				E4E761851C0D0B8B00DBC38A /* Guest+CoreDataProperties.h */,
				E4E761861C0D0B8B00DBC38A /* Guest+CoreDataProperties.m */,
				E4E761871C0D0B8B00DBC38A /* Guest.h */,
				E4E761881C0D0B8B00DBC38A /* Guest.m */,
				E4E761891C0D0B8B00DBC38A /* Room+CoreDataProperties.h */,
				E4E7618A1C0D0B8B00DBC38A /* Room+CoreDataProperties.m */,
				E4E7618B1C0D0B8B00DBC38A /* Room.h */,
				E4E7618C1C0D0B8B00DBC38A /* Room.m */,
				E4E7616A1C0CF05600DBC38A /* HotelApp.xcdatamodeld */,
				E45961001C0F9C77003ED614 /* CoreDataStack.h */,
				E45960FE1C0F9C6D003ED614 /* CoreDataStack.m */,
			);
			name = Model;
			sourceTree = "<group>";
		};
/* End PBXGroup section */

/* Begin PBXNativeTarget section */
		E45961041C0FB5DC003ED614 /* HotelAppTests */ = {
			isa = PBXNativeTarget;
			buildConfigurationList = E459610C1C0FB5DC003ED614 /* Build configuration list for PBXNativeTarget "HotelAppTests" */;
			buildPhases = (
				E45961011C0FB5DC003ED614 /* Sources */,
				E45961021C0FB5DC003ED614 /* Frameworks */,
				E45961031C0FB5DC003ED614 /* Resources */,
			);
			buildRules = (
			);
			dependencies = (
				E459610B1C0FB5DC003ED614 /* PBXTargetDependency */,
			);
			name = HotelAppTests;
			productName = HotelAppTests;
			productReference = E45961051C0FB5DC003ED614 /* HotelAppTests.xctest */;
			productType = "com.apple.product-type.bundle.unit-test";
		};
		E4E7615A1C0CF05600DBC38A /* HotelApp */ = {
			isa = PBXNativeTarget;
			buildConfigurationList = E4E761751C0CF05600DBC38A /* Build configuration list for PBXNativeTarget "HotelApp" */;
			buildPhases = (
				E4E761571C0CF05600DBC38A /* Sources */,
				E4E761581C0CF05600DBC38A /* Frameworks */,
				E4E761591C0CF05600DBC38A /* Resources */,
				E47213241C10E45900D8568A /* ShellScript */,
			);
			buildRules = (
			);
			dependencies = (
			);
			name = HotelApp;
			productName = HotelApp;
			productReference = E4E7615B1C0CF05600DBC38A /* HotelApp.app */;
			productType = "com.apple.product-type.application";
		};
/* End PBXNativeTarget section */

/* Begin PBXProject section */
		E4E761531C0CF05600DBC38A /* Project object */ = {
			isa = PBXProject;
			attributes = {
				LastUpgradeCheck = 0710;
				ORGANIZATIONNAME = TheodoreAbshire;
				TargetAttributes = {
					E45961041C0FB5DC003ED614 = {
						CreatedOnToolsVersion = 7.1.1;
						TestTargetID = E4E7615A1C0CF05600DBC38A;
					};
					E4E7615A1C0CF05600DBC38A = {
						CreatedOnToolsVersion = 7.1.1;
					};
				};
			};
			buildConfigurationList = E4E761561C0CF05600DBC38A /* Build configuration list for PBXProject "HotelApp" */;
			compatibilityVersion = "Xcode 3.2";
			developmentRegion = English;
			hasScannedForEncodings = 0;
			knownRegions = (
				en,
				Base,
				ko,
			);
			mainGroup = E4E761521C0CF05600DBC38A;
			productRefGroup = E4E7615C1C0CF05600DBC38A /* Products */;
			projectDirPath = "";
			projectRoot = "";
			targets = (
				E4E7615A1C0CF05600DBC38A /* HotelApp */,
				E45961041C0FB5DC003ED614 /* HotelAppTests */,
			);
		};
/* End PBXProject section */

/* Begin PBXResourcesBuildPhase section */
		E45961031C0FB5DC003ED614 /* Resources */ = {
			isa = PBXResourcesBuildPhase;
			buildActionMask = 2147483647;
			files = (
			);
			runOnlyForDeploymentPostprocessing = 0;
		};
		E4E761591C0CF05600DBC38A /* Resources */ = {
			isa = PBXResourcesBuildPhase;
			buildActionMask = 2147483647;
			files = (
				E4E761961C0D0DA400DBC38A /* Hotels.plist in Resources */,
				E47213321C110CE100D8568A /* Localizable.strings in Resources */,
				E4E761711C0CF05600DBC38A /* LaunchScreen.storyboard in Resources */,
				E4E7616E1C0CF05600DBC38A /* Assets.xcassets in Resources */,
			);
			runOnlyForDeploymentPostprocessing = 0;
		};
/* End PBXResourcesBuildPhase section */

/* Begin PBXShellScriptBuildPhase section */
		E47213241C10E45900D8568A /* ShellScript */ = {
			isa = PBXShellScriptBuildPhase;
			buildActionMask = 2147483647;
			files = (
			);
			inputPaths = (
			);
			outputPaths = (
			);
			runOnlyForDeploymentPostprocessing = 0;
			shellPath = /bin/sh;
			shellScript = "./Fabric.framework/run 45b7e24345bb99f6d4f82858588bf9b40cf0c0e2 012d6e5abe692a8d231e7044a9c4d86b3a4b0c8f576ef0388a3a96ca6f4bec69";
		};
/* End PBXShellScriptBuildPhase section */

/* Begin PBXSourcesBuildPhase section */
		E45961011C0FB5DC003ED614 /* Sources */ = {
			isa = PBXSourcesBuildPhase;
			buildActionMask = 2147483647;
			files = (
				E47213351C11109300D8568A /* RoomTests.m in Sources */,
				E472132E1C11099700D8568A /* HotelTests.m in Sources */,
				E45961151C0FBCDF003ED614 /* ReservationTests.m in Sources */,
			);
			runOnlyForDeploymentPostprocessing = 0;
		};
		E4E761571C0CF05600DBC38A /* Sources */ = {
			isa = PBXSourcesBuildPhase;
			buildActionMask = 2147483647;
			files = (
				E4E7618E1C0D0B8B00DBC38A /* Reservation.m in Sources */,
				E4E7617C1C0CF7FD00DBC38A /* MainMenuViewController.m in Sources */,
				E4E761911C0D0B8B00DBC38A /* Guest+CoreDataProperties.m in Sources */,
				E42A55BE1C0E444B00E3164E /* BookRoomDetailViewController.m in Sources */,
				E4E761931C0D0B8B00DBC38A /* Room+CoreDataProperties.m in Sources */,
				E4E761631C0CF05600DBC38A /* AppDelegate.m in Sources */,
				E4E7619B1C0D104F00DBC38A /* Hotel+CoreDataProperties.m in Sources */,
				E4E7619C1C0D104F00DBC38A /* Hotel.m in Sources */,
				E4E761A31C0D1B1200DBC38A /* CustomListViewController.m in Sources */,
				E4E761A61C0D202E00DBC38A /* RoomsListViewController.m in Sources */,
				E42A55C11C0E56DB00E3164E /* BookSignViewController.m in Sources */,
				E45961181C0FC001003ED614 /* GuestListViewController.m in Sources */,
				E4E761941C0D0B8B00DBC38A /* Room.m in Sources */,
				E4E7619F1C0D145C00DBC38A /* HotelListViewController.m in Sources */,
				E4E7616C1C0CF05600DBC38A /* HotelApp.xcdatamodeld in Sources */,
				E42A55B71C0E405E00E3164E /* CustomListViewControllerWithHotel.m in Sources */,
				E45960FF1C0F9C6D003ED614 /* CoreDataStack.m in Sources */,
				E4E761921C0D0B8B00DBC38A /* Guest.m in Sources */,
				E4E7618D1C0D0B8B00DBC38A /* Reservation+CoreDataProperties.m in Sources */,
				E42A55BA1C0E42BE00E3164E /* BookRoomViewController.m in Sources */,
				E4E761601C0CF05600DBC38A /* main.m in Sources */,
			);
			runOnlyForDeploymentPostprocessing = 0;
		};
/* End PBXSourcesBuildPhase section */

/* Begin PBXTargetDependency section */
		E459610B1C0FB5DC003ED614 /* PBXTargetDependency */ = {
			isa = PBXTargetDependency;
			target = E4E7615A1C0CF05600DBC38A /* HotelApp */;
			targetProxy = E459610A1C0FB5DC003ED614 /* PBXContainerItemProxy */;
		};
/* End PBXTargetDependency section */

/* Begin PBXVariantGroup section */
		E47213301C110CE100D8568A /* Localizable.strings */ = {
			isa = PBXVariantGroup;
			children = (
				E47213311C110CE100D8568A /* Base */,
				E47213331C110CEB00D8568A /* ko */,
			);
			name = Localizable.strings;
			sourceTree = "<group>";
		};
		E4E7616F1C0CF05600DBC38A /* LaunchScreen.storyboard */ = {
			isa = PBXVariantGroup;
			children = (
				E4E761701C0CF05600DBC38A /* Base */,
				E472132F1C1109D100D8568A /* ko */,
			);
			name = LaunchScreen.storyboard;
			sourceTree = "<group>";
		};
/* End PBXVariantGroup section */

/* Begin XCBuildConfiguration section */
		E459610D1C0FB5DC003ED614 /* Debug */ = {
			isa = XCBuildConfiguration;
			buildSettings = {
				BUNDLE_LOADER = "$(TEST_HOST)";
				INFOPLIST_FILE = HotelAppTests/Info.plist;
				LD_RUNPATH_SEARCH_PATHS = "$(inherited) @executable_path/Frameworks @loader_path/Frameworks";
				PRODUCT_BUNDLE_IDENTIFIER = TA.HotelAppTests;
				PRODUCT_NAME = "$(TARGET_NAME)";
				TEST_HOST = "$(BUILT_PRODUCTS_DIR)/HotelApp.app/HotelApp";
			};
			name = Debug;
		};
		E459610E1C0FB5DC003ED614 /* Release */ = {
			isa = XCBuildConfiguration;
			buildSettings = {
				BUNDLE_LOADER = "$(TEST_HOST)";
				INFOPLIST_FILE = HotelAppTests/Info.plist;
				LD_RUNPATH_SEARCH_PATHS = "$(inherited) @executable_path/Frameworks @loader_path/Frameworks";
				PRODUCT_BUNDLE_IDENTIFIER = TA.HotelAppTests;
				PRODUCT_NAME = "$(TARGET_NAME)";
				TEST_HOST = "$(BUILT_PRODUCTS_DIR)/HotelApp.app/HotelApp";
			};
			name = Release;
		};
		E4E761731C0CF05600DBC38A /* Debug */ = {
			isa = XCBuildConfiguration;
			buildSettings = {
				ALWAYS_SEARCH_USER_PATHS = NO;
				CLANG_CXX_LANGUAGE_STANDARD = "gnu++0x";
				CLANG_CXX_LIBRARY = "libc++";
				CLANG_ENABLE_MODULES = YES;
				CLANG_ENABLE_OBJC_ARC = YES;
				CLANG_WARN_BOOL_CONVERSION = YES;
				CLANG_WARN_CONSTANT_CONVERSION = YES;
				CLANG_WARN_DIRECT_OBJC_ISA_USAGE = YES_ERROR;
				CLANG_WARN_EMPTY_BODY = YES;
				CLANG_WARN_ENUM_CONVERSION = YES;
				CLANG_WARN_INT_CONVERSION = YES;
				CLANG_WARN_OBJC_ROOT_CLASS = YES_ERROR;
				CLANG_WARN_UNREACHABLE_CODE = YES;
				CLANG_WARN__DUPLICATE_METHOD_MATCH = YES;
				"CODE_SIGN_IDENTITY[sdk=iphoneos*]" = "iPhone Developer";
				COPY_PHASE_STRIP = NO;
				DEBUG_INFORMATION_FORMAT = dwarf;
				ENABLE_STRICT_OBJC_MSGSEND = YES;
				ENABLE_TESTABILITY = YES;
				GCC_C_LANGUAGE_STANDARD = gnu99;
				GCC_DYNAMIC_NO_PIC = NO;
				GCC_NO_COMMON_BLOCKS = YES;
				GCC_OPTIMIZATION_LEVEL = 0;
				GCC_PREPROCESSOR_DEFINITIONS = (
					"DEBUG=1",
					"$(inherited)",
				);
				GCC_WARN_64_TO_32_BIT_CONVERSION = YES;
				GCC_WARN_ABOUT_RETURN_TYPE = YES_ERROR;
				GCC_WARN_UNDECLARED_SELECTOR = YES;
				GCC_WARN_UNINITIALIZED_AUTOS = YES_AGGRESSIVE;
				GCC_WARN_UNUSED_FUNCTION = YES;
				GCC_WARN_UNUSED_VARIABLE = YES;
				IPHONEOS_DEPLOYMENT_TARGET = 9.1;
				MTL_ENABLE_DEBUG_INFO = YES;
				ONLY_ACTIVE_ARCH = YES;
				SDKROOT = iphoneos;
				TARGETED_DEVICE_FAMILY = "1,2";
			};
			name = Debug;
		};
		E4E761741C0CF05600DBC38A /* Release */ = {
			isa = XCBuildConfiguration;
			buildSettings = {
				ALWAYS_SEARCH_USER_PATHS = NO;
				CLANG_CXX_LANGUAGE_STANDARD = "gnu++0x";
				CLANG_CXX_LIBRARY = "libc++";
				CLANG_ENABLE_MODULES = YES;
				CLANG_ENABLE_OBJC_ARC = YES;
				CLANG_WARN_BOOL_CONVERSION = YES;
				CLANG_WARN_CONSTANT_CONVERSION = YES;
				CLANG_WARN_DIRECT_OBJC_ISA_USAGE = YES_ERROR;
				CLANG_WARN_EMPTY_BODY = YES;
				CLANG_WARN_ENUM_CONVERSION = YES;
				CLANG_WARN_INT_CONVERSION = YES;
				CLANG_WARN_OBJC_ROOT_CLASS = YES_ERROR;
				CLANG_WARN_UNREACHABLE_CODE = YES;
				CLANG_WARN__DUPLICATE_METHOD_MATCH = YES;
				"CODE_SIGN_IDENTITY[sdk=iphoneos*]" = "iPhone Developer";
				COPY_PHASE_STRIP = NO;
				DEBUG_INFORMATION_FORMAT = "dwarf-with-dsym";
				ENABLE_NS_ASSERTIONS = NO;
				ENABLE_STRICT_OBJC_MSGSEND = YES;
				GCC_C_LANGUAGE_STANDARD = gnu99;
				GCC_NO_COMMON_BLOCKS = YES;
				GCC_WARN_64_TO_32_BIT_CONVERSION = YES;
				GCC_WARN_ABOUT_RETURN_TYPE = YES_ERROR;
				GCC_WARN_UNDECLARED_SELECTOR = YES;
				GCC_WARN_UNINITIALIZED_AUTOS = YES_AGGRESSIVE;
				GCC_WARN_UNUSED_FUNCTION = YES;
				GCC_WARN_UNUSED_VARIABLE = YES;
				IPHONEOS_DEPLOYMENT_TARGET = 9.1;
				MTL_ENABLE_DEBUG_INFO = NO;
				SDKROOT = iphoneos;
				TARGETED_DEVICE_FAMILY = "1,2";
				VALIDATE_PRODUCT = YES;
			};
			name = Release;
		};
		E4E761761C0CF05600DBC38A /* Debug */ = {
			isa = XCBuildConfiguration;
			buildSettings = {
				ASSETCATALOG_COMPILER_APPICON_NAME = AppIcon;
				FRAMEWORK_SEARCH_PATHS = (
					"$(inherited)",
					"$(PROJECT_DIR)",
				);
				INFOPLIST_FILE = HotelApp/Info.plist;
				LD_RUNPATH_SEARCH_PATHS = "$(inherited) @executable_path/Frameworks";
				PRODUCT_BUNDLE_IDENTIFIER = TA.HotelApp;
				PRODUCT_NAME = "$(TARGET_NAME)";
			};
			name = Debug;
		};
		E4E761771C0CF05600DBC38A /* Release */ = {
			isa = XCBuildConfiguration;
			buildSettings = {
				ASSETCATALOG_COMPILER_APPICON_NAME = AppIcon;
				FRAMEWORK_SEARCH_PATHS = (
					"$(inherited)",
					"$(PROJECT_DIR)",
				);
				INFOPLIST_FILE = HotelApp/Info.plist;
				LD_RUNPATH_SEARCH_PATHS = "$(inherited) @executable_path/Frameworks";
				PRODUCT_BUNDLE_IDENTIFIER = TA.HotelApp;
				PRODUCT_NAME = "$(TARGET_NAME)";
			};
			name = Release;
		};
/* End XCBuildConfiguration section */

/* Begin XCConfigurationList section */
		E459610C1C0FB5DC003ED614 /* Build configuration list for PBXNativeTarget "HotelAppTests" */ = {
			isa = XCConfigurationList;
			buildConfigurations = (
				E459610D1C0FB5DC003ED614 /* Debug */,
				E459610E1C0FB5DC003ED614 /* Release */,
			);
			defaultConfigurationIsVisible = 0;
			defaultConfigurationName = Release;
		};
		E4E761561C0CF05600DBC38A /* Build configuration list for PBXProject "HotelApp" */ = {
			isa = XCConfigurationList;
			buildConfigurations = (
				E4E761731C0CF05600DBC38A /* Debug */,
				E4E761741C0CF05600DBC38A /* Release */,
			);
			defaultConfigurationIsVisible = 0;
			defaultConfigurationName = Release;
		};
		E4E761751C0CF05600DBC38A /* Build configuration list for PBXNativeTarget "HotelApp" */ = {
			isa = XCConfigurationList;
			buildConfigurations = (
				E4E761761C0CF05600DBC38A /* Debug */,
				E4E761771C0CF05600DBC38A /* Release */,
			);
			defaultConfigurationIsVisible = 0;
			defaultConfigurationName = Release;
		};
/* End XCConfigurationList section */

/* Begin XCVersionGroup section */
		E4E7616A1C0CF05600DBC38A /* HotelApp.xcdatamodeld */ = {
			isa = XCVersionGroup;
			children = (
				E47213291C10F04000D8568A /* HotelApp BETA.xcdatamodel */,
				E4E7616B1C0CF05600DBC38A /* HotelApp.xcdatamodel */,
			);
			currentVersion = E47213291C10F04000D8568A /* HotelApp BETA.xcdatamodel */;
			path = HotelApp.xcdatamodeld;
			sourceTree = "<group>";
			versionGroupType = wrapper.xcdatamodel;
		};
/* End XCVersionGroup section */
	};
	rootObject = E4E761531C0CF05600DBC38A /* Project object */;
}
